// !$*UTF8*$!
{
	archiveVersion = 1;
	classes = {
	};
	objectVersion = 55;
	objects = {

/* Begin PBXBuildFile section */
		5F3CEAB3DB0FC19AC0F89A7E /* Pods_ChStreamingPlayer.framework in Frameworks */ = {isa = PBXBuildFile; fileRef = 090FF6FB89FC82D01D6F9076 /* Pods_ChStreamingPlayer.framework */; };
		6387535EDC57C41CED3D7917 /* Pods_StreamingKit.framework in Frameworks */ = {isa = PBXBuildFile; fileRef = 3BF5BB72CC8899820DB4F565 /* Pods_StreamingKit.framework */; };
		F502C66A28E2F33000807A9B /* AVPlayer+Rx.swift in Sources */ = {isa = PBXBuildFile; fileRef = F502C66928E2F33000807A9B /* AVPlayer+Rx.swift */; };
		F502C66C28E2F35C00807A9B /* Observer+IgnoreNill.swift in Sources */ = {isa = PBXBuildFile; fileRef = F502C66B28E2F35C00807A9B /* Observer+IgnoreNill.swift */; };
		F5258E9F28E0485A005AAE39 /* v8.mp4 in Resources */ = {isa = PBXBuildFile; fileRef = F5258E9C28E0485A005AAE39 /* v8.mp4 */; };
		F5258EA028E0485A005AAE39 /* v7.mp4 in Resources */ = {isa = PBXBuildFile; fileRef = F5258E9D28E0485A005AAE39 /* v7.mp4 */; };
		F5258EA128E0485A005AAE39 /* v6.mp4 in Resources */ = {isa = PBXBuildFile; fileRef = F5258E9E28E0485A005AAE39 /* v6.mp4 */; };
		F536F66628DBE0B900751D9F /* StreamingViewController.swift in Sources */ = {isa = PBXBuildFile; fileRef = F536F66528DBE0B900751D9F /* StreamingViewController.swift */; };
		F536F66C28DBE4EF00751D9F /* Main.storyboard in Resources */ = {isa = PBXBuildFile; fileRef = F536F66B28DBE4EF00751D9F /* Main.storyboard */; };
		F536F67628DC360C00751D9F /* StreamingKit.docc in Sources */ = {isa = PBXBuildFile; fileRef = F536F67528DC360C00751D9F /* StreamingKit.docc */; };
		F536F67728DC360C00751D9F /* StreamingKit.h in Headers */ = {isa = PBXBuildFile; fileRef = F536F67428DC360C00751D9F /* StreamingKit.h */; settings = {ATTRIBUTES = (Public, ); }; };
		F536F67A28DC360C00751D9F /* StreamingKit.framework in Frameworks */ = {isa = PBXBuildFile; fileRef = F536F67228DC360C00751D9F /* StreamingKit.framework */; };
		F536F67B28DC360C00751D9F /* StreamingKit.framework in Embed Frameworks */ = {isa = PBXBuildFile; fileRef = F536F67228DC360C00751D9F /* StreamingKit.framework */; settings = {ATTRIBUTES = (CodeSignOnCopy, RemoveHeadersOnCopy, ); }; };
		F536F68328DC365700751D9F /* StreamingVideoPlayer.swift in Sources */ = {isa = PBXBuildFile; fileRef = F536F68228DC365700751D9F /* StreamingVideoPlayer.swift */; };
		F536F68528DC661A00751D9F /* MPPlayerViewController.swift in Sources */ = {isa = PBXBuildFile; fileRef = F536F68428DC661A00751D9F /* MPPlayerViewController.swift */; };
		F5C04DC028DEA32A005332D4 /* PlayerView.swift in Sources */ = {isa = PBXBuildFile; fileRef = F5C04DBE28DE8A7E005332D4 /* PlayerView.swift */; };
		F5E221D528DD537200AF7752 /* v2.mp4 in Resources */ = {isa = PBXBuildFile; fileRef = F5E221D028DD537100AF7752 /* v2.mp4 */; };
		F5E221D628DD537200AF7752 /* v4.mp4 in Resources */ = {isa = PBXBuildFile; fileRef = F5E221D128DD537200AF7752 /* v4.mp4 */; };
		F5E221D728DD537200AF7752 /* v3.mp4 in Resources */ = {isa = PBXBuildFile; fileRef = F5E221D228DD537200AF7752 /* v3.mp4 */; };
		F5E221D828DD537200AF7752 /* v1.mp4 in Resources */ = {isa = PBXBuildFile; fileRef = F5E221D328DD537200AF7752 /* v1.mp4 */; };
		F5E221D928DD537200AF7752 /* v5.mp4 in Resources */ = {isa = PBXBuildFile; fileRef = F5E221D428DD537200AF7752 /* v5.mp4 */; };
		F5E221DD28DD89E600AF7752 /* UIViewController+Alert.swift in Sources */ = {isa = PBXBuildFile; fileRef = F5E221DC28DD89E600AF7752 /* UIViewController+Alert.swift */; };
		F5EF3D3428D43A0A00A66655 /* AppDelegate.swift in Sources */ = {isa = PBXBuildFile; fileRef = F5EF3D3328D43A0A00A66655 /* AppDelegate.swift */; };
		F5EF3D3628D43A0A00A66655 /* SceneDelegate.swift in Sources */ = {isa = PBXBuildFile; fileRef = F5EF3D3528D43A0A00A66655 /* SceneDelegate.swift */; };
		F5EF3D3D28D43A0B00A66655 /* Assets.xcassets in Resources */ = {isa = PBXBuildFile; fileRef = F5EF3D3C28D43A0B00A66655 /* Assets.xcassets */; };
		F5EF3D4028D43A0B00A66655 /* LaunchScreen.storyboard in Resources */ = {isa = PBXBuildFile; fileRef = F5EF3D3E28D43A0B00A66655 /* LaunchScreen.storyboard */; };
/* End PBXBuildFile section */

/* Begin PBXContainerItemProxy section */
		F536F67828DC360C00751D9F /* PBXContainerItemProxy */ = {
			isa = PBXContainerItemProxy;
			containerPortal = F5EF3D2828D43A0A00A66655 /* Project object */;
			proxyType = 1;
			remoteGlobalIDString = F536F67128DC360C00751D9F;
			remoteInfo = StreamingKit;
		};
/* End PBXContainerItemProxy section */

/* Begin PBXCopyFilesBuildPhase section */
		F536F67F28DC360C00751D9F /* Embed Frameworks */ = {
			isa = PBXCopyFilesBuildPhase;
			buildActionMask = 2147483647;
			dstPath = "";
			dstSubfolderSpec = 10;
			files = (
				F536F67B28DC360C00751D9F /* StreamingKit.framework in Embed Frameworks */,
			);
			name = "Embed Frameworks";
			runOnlyForDeploymentPostprocessing = 0;
		};
/* End PBXCopyFilesBuildPhase section */

/* Begin PBXFileReference section */
		069B61C9867352F9C66C7C9E /* Pods-StreamingKit.debug.xcconfig */ = {isa = PBXFileReference; includeInIndex = 1; lastKnownFileType = text.xcconfig; name = "Pods-StreamingKit.debug.xcconfig"; path = "Target Support Files/Pods-StreamingKit/Pods-StreamingKit.debug.xcconfig"; sourceTree = "<group>"; };
		090FF6FB89FC82D01D6F9076 /* Pods_ChStreamingPlayer.framework */ = {isa = PBXFileReference; explicitFileType = wrapper.framework; includeInIndex = 0; path = Pods_ChStreamingPlayer.framework; sourceTree = BUILT_PRODUCTS_DIR; };
		3BF5BB72CC8899820DB4F565 /* Pods_StreamingKit.framework */ = {isa = PBXFileReference; explicitFileType = wrapper.framework; includeInIndex = 0; path = Pods_StreamingKit.framework; sourceTree = BUILT_PRODUCTS_DIR; };
		475AE325645BDCB43AC09243 /* Pods-ChStreamingPlayer.debug.xcconfig */ = {isa = PBXFileReference; includeInIndex = 1; lastKnownFileType = text.xcconfig; name = "Pods-ChStreamingPlayer.debug.xcconfig"; path = "Target Support Files/Pods-ChStreamingPlayer/Pods-ChStreamingPlayer.debug.xcconfig"; sourceTree = "<group>"; };
		693710C50F0338C0646CAEA2 /* Pods-ChStreamingPlayer.release.xcconfig */ = {isa = PBXFileReference; includeInIndex = 1; lastKnownFileType = text.xcconfig; name = "Pods-ChStreamingPlayer.release.xcconfig"; path = "Target Support Files/Pods-ChStreamingPlayer/Pods-ChStreamingPlayer.release.xcconfig"; sourceTree = "<group>"; };
		B8174DC2D5D92491159DF615 /* Pods-StreamingKit.release.xcconfig */ = {isa = PBXFileReference; includeInIndex = 1; lastKnownFileType = text.xcconfig; name = "Pods-StreamingKit.release.xcconfig"; path = "Target Support Files/Pods-StreamingKit/Pods-StreamingKit.release.xcconfig"; sourceTree = "<group>"; };
		F502C66928E2F33000807A9B /* AVPlayer+Rx.swift */ = {isa = PBXFileReference; lastKnownFileType = sourcecode.swift; path = "AVPlayer+Rx.swift"; sourceTree = "<group>"; };
		F502C66B28E2F35C00807A9B /* Observer+IgnoreNill.swift */ = {isa = PBXFileReference; lastKnownFileType = sourcecode.swift; path = "Observer+IgnoreNill.swift"; sourceTree = "<group>"; };
		F5258E9C28E0485A005AAE39 /* v8.mp4 */ = {isa = PBXFileReference; lastKnownFileType = file; path = v8.mp4; sourceTree = "<group>"; };
		F5258E9D28E0485A005AAE39 /* v7.mp4 */ = {isa = PBXFileReference; lastKnownFileType = file; path = v7.mp4; sourceTree = "<group>"; };
		F5258E9E28E0485A005AAE39 /* v6.mp4 */ = {isa = PBXFileReference; lastKnownFileType = file; path = v6.mp4; sourceTree = "<group>"; };
		F536F66528DBE0B900751D9F /* StreamingViewController.swift */ = {isa = PBXFileReference; lastKnownFileType = sourcecode.swift; path = StreamingViewController.swift; sourceTree = "<group>"; };
		F536F66B28DBE4EF00751D9F /* Main.storyboard */ = {isa = PBXFileReference; lastKnownFileType = file.storyboard; path = Main.storyboard; sourceTree = "<group>"; };
		F536F67228DC360C00751D9F /* StreamingKit.framework */ = {isa = PBXFileReference; explicitFileType = wrapper.framework; includeInIndex = 0; path = StreamingKit.framework; sourceTree = BUILT_PRODUCTS_DIR; };
		F536F67428DC360C00751D9F /* StreamingKit.h */ = {isa = PBXFileReference; lastKnownFileType = sourcecode.c.h; path = StreamingKit.h; sourceTree = "<group>"; };
		F536F67528DC360C00751D9F /* StreamingKit.docc */ = {isa = PBXFileReference; lastKnownFileType = folder.documentationcatalog; path = StreamingKit.docc; sourceTree = "<group>"; };
		F536F68228DC365700751D9F /* StreamingVideoPlayer.swift */ = {isa = PBXFileReference; lastKnownFileType = sourcecode.swift; path = StreamingVideoPlayer.swift; sourceTree = "<group>"; };
		F536F68428DC661A00751D9F /* MPPlayerViewController.swift */ = {isa = PBXFileReference; lastKnownFileType = sourcecode.swift; path = MPPlayerViewController.swift; sourceTree = "<group>"; };
		F5C04DBE28DE8A7E005332D4 /* PlayerView.swift */ = {isa = PBXFileReference; lastKnownFileType = sourcecode.swift; path = PlayerView.swift; sourceTree = "<group>"; };
		F5E221D028DD537100AF7752 /* v2.mp4 */ = {isa = PBXFileReference; lastKnownFileType = file; path = v2.mp4; sourceTree = "<group>"; };
		F5E221D128DD537200AF7752 /* v4.mp4 */ = {isa = PBXFileReference; lastKnownFileType = file; path = v4.mp4; sourceTree = "<group>"; };
		F5E221D228DD537200AF7752 /* v3.mp4 */ = {isa = PBXFileReference; lastKnownFileType = file; path = v3.mp4; sourceTree = "<group>"; };
		F5E221D328DD537200AF7752 /* v1.mp4 */ = {isa = PBXFileReference; lastKnownFileType = file; path = v1.mp4; sourceTree = "<group>"; };
		F5E221D428DD537200AF7752 /* v5.mp4 */ = {isa = PBXFileReference; lastKnownFileType = file; path = v5.mp4; sourceTree = "<group>"; };
		F5E221DC28DD89E600AF7752 /* UIViewController+Alert.swift */ = {isa = PBXFileReference; lastKnownFileType = sourcecode.swift; path = "UIViewController+Alert.swift"; sourceTree = "<group>"; };
		F5EF3D3028D43A0A00A66655 /* ChStreamingPlayer.app */ = {isa = PBXFileReference; explicitFileType = wrapper.application; includeInIndex = 0; path = ChStreamingPlayer.app; sourceTree = BUILT_PRODUCTS_DIR; };
		F5EF3D3328D43A0A00A66655 /* AppDelegate.swift */ = {isa = PBXFileReference; lastKnownFileType = sourcecode.swift; path = AppDelegate.swift; sourceTree = "<group>"; };
		F5EF3D3528D43A0A00A66655 /* SceneDelegate.swift */ = {isa = PBXFileReference; lastKnownFileType = sourcecode.swift; path = SceneDelegate.swift; sourceTree = "<group>"; };
		F5EF3D3C28D43A0B00A66655 /* Assets.xcassets */ = {isa = PBXFileReference; lastKnownFileType = folder.assetcatalog; path = Assets.xcassets; sourceTree = "<group>"; };
		F5EF3D3F28D43A0B00A66655 /* Base */ = {isa = PBXFileReference; lastKnownFileType = file.storyboard; name = Base; path = Base.lproj/LaunchScreen.storyboard; sourceTree = "<group>"; };
		F5EF3D4128D43A0B00A66655 /* Info.plist */ = {isa = PBXFileReference; lastKnownFileType = text.plist.xml; path = Info.plist; sourceTree = "<group>"; };
/* End PBXFileReference section */

/* Begin PBXFrameworksBuildPhase section */
		F536F66F28DC360C00751D9F /* Frameworks */ = {
			isa = PBXFrameworksBuildPhase;
			buildActionMask = 2147483647;
			files = (
				6387535EDC57C41CED3D7917 /* Pods_StreamingKit.framework in Frameworks */,
			);
			runOnlyForDeploymentPostprocessing = 0;
		};
		F5EF3D2D28D43A0A00A66655 /* Frameworks */ = {
			isa = PBXFrameworksBuildPhase;
			buildActionMask = 2147483647;
			files = (
				F536F67A28DC360C00751D9F /* StreamingKit.framework in Frameworks */,
				5F3CEAB3DB0FC19AC0F89A7E /* Pods_ChStreamingPlayer.framework in Frameworks */,
			);
			runOnlyForDeploymentPostprocessing = 0;
		};
/* End PBXFrameworksBuildPhase section */

/* Begin PBXGroup section */
		15A0B78CA325E489FEC7A37E /* Pods */ = {
			isa = PBXGroup;
			children = (
				475AE325645BDCB43AC09243 /* Pods-ChStreamingPlayer.debug.xcconfig */,
				693710C50F0338C0646CAEA2 /* Pods-ChStreamingPlayer.release.xcconfig */,
				069B61C9867352F9C66C7C9E /* Pods-StreamingKit.debug.xcconfig */,
				B8174DC2D5D92491159DF615 /* Pods-StreamingKit.release.xcconfig */,
			);
			path = Pods;
			sourceTree = "<group>";
		};
		D2034C16283119F328B5762C /* Frameworks */ = {
			isa = PBXGroup;
			children = (
				090FF6FB89FC82D01D6F9076 /* Pods_ChStreamingPlayer.framework */,
				3BF5BB72CC8899820DB4F565 /* Pods_StreamingKit.framework */,
			);
			name = Frameworks;
			sourceTree = "<group>";
		};
		F536F67328DC360C00751D9F /* StreamingKit */ = {
			isa = PBXGroup;
			children = (
				F536F67428DC360C00751D9F /* StreamingKit.h */,
				F536F67528DC360C00751D9F /* StreamingKit.docc */,
				F536F68228DC365700751D9F /* StreamingVideoPlayer.swift */,
			);
			path = StreamingKit;
			sourceTree = "<group>";
		};
		F54A7C9D28E174750001FE9B /* Videos */ = {
			isa = PBXGroup;
			children = (
				F5E221D028DD537100AF7752 /* v2.mp4 */,
				F5E221D328DD537200AF7752 /* v1.mp4 */,
				F5E221D228DD537200AF7752 /* v3.mp4 */,
				F5E221D128DD537200AF7752 /* v4.mp4 */,
				F5E221D428DD537200AF7752 /* v5.mp4 */,
				F5258E9E28E0485A005AAE39 /* v6.mp4 */,
				F5258E9D28E0485A005AAE39 /* v7.mp4 */,
				F5258E9C28E0485A005AAE39 /* v8.mp4 */,
			);
			path = Videos;
			sourceTree = "<group>";
		};
		F5E221DB28DD89CB00AF7752 /* Extension */ = {
			isa = PBXGroup;
			children = (
				F5E221DC28DD89E600AF7752 /* UIViewController+Alert.swift */,
				F502C66928E2F33000807A9B /* AVPlayer+Rx.swift */,
				F502C66B28E2F35C00807A9B /* Observer+IgnoreNill.swift */,
			);
			path = Extension;
			sourceTree = "<group>";
		};
		F5EF3D2728D43A0A00A66655 = {
			isa = PBXGroup;
			children = (
				F5EF3D3228D43A0A00A66655 /* ChStreamingPlayer */,
				F536F67328DC360C00751D9F /* StreamingKit */,
				F5EF3D3128D43A0A00A66655 /* Products */,
				15A0B78CA325E489FEC7A37E /* Pods */,
				D2034C16283119F328B5762C /* Frameworks */,
			);
			sourceTree = "<group>";
		};
		F5EF3D3128D43A0A00A66655 /* Products */ = {
			isa = PBXGroup;
			children = (
				F5EF3D3028D43A0A00A66655 /* ChStreamingPlayer.app */,
				F536F67228DC360C00751D9F /* StreamingKit.framework */,
			);
			name = Products;
			sourceTree = "<group>";
		};
		F5EF3D3228D43A0A00A66655 /* ChStreamingPlayer */ = {
			isa = PBXGroup;
			children = (
				F5E221DB28DD89CB00AF7752 /* Extension */,
				F5EF3D3328D43A0A00A66655 /* AppDelegate.swift */,
				F5EF3D3528D43A0A00A66655 /* SceneDelegate.swift */,
				F536F66528DBE0B900751D9F /* StreamingViewController.swift */,
				F536F68428DC661A00751D9F /* MPPlayerViewController.swift */,
				F5C04DBE28DE8A7E005332D4 /* PlayerView.swift */,
				F536F66B28DBE4EF00751D9F /* Main.storyboard */,
				F5EF3D3E28D43A0B00A66655 /* LaunchScreen.storyboard */,
				F5EF3D3C28D43A0B00A66655 /* Assets.xcassets */,
				F54A7C9D28E174750001FE9B /* Videos */,
				F5EF3D4128D43A0B00A66655 /* Info.plist */,
			);
			path = ChStreamingPlayer;
			sourceTree = "<group>";
		};
/* End PBXGroup section */

/* Begin PBXHeadersBuildPhase section */
		F536F66D28DC360C00751D9F /* Headers */ = {
			isa = PBXHeadersBuildPhase;
			buildActionMask = 2147483647;
			files = (
				F536F67728DC360C00751D9F /* StreamingKit.h in Headers */,
			);
			runOnlyForDeploymentPostprocessing = 0;
		};
/* End PBXHeadersBuildPhase section */

/* Begin PBXNativeTarget section */
		F536F67128DC360C00751D9F /* StreamingKit */ = {
			isa = PBXNativeTarget;
			buildConfigurationList = F536F67C28DC360C00751D9F /* Build configuration list for PBXNativeTarget "StreamingKit" */;
			buildPhases = (
				4F0349CAD29AB9EF5AA0D3F9 /* [CP] Check Pods Manifest.lock */,
				F536F66D28DC360C00751D9F /* Headers */,
				F536F66E28DC360C00751D9F /* Sources */,
				F536F66F28DC360C00751D9F /* Frameworks */,
				F536F67028DC360C00751D9F /* Resources */,
			);
			buildRules = (
			);
			dependencies = (
			);
			name = StreamingKit;
			productName = StreamingKit;
			productReference = F536F67228DC360C00751D9F /* StreamingKit.framework */;
			productType = "com.apple.product-type.framework";
		};
		F5EF3D2F28D43A0A00A66655 /* ChStreamingPlayer */ = {
			isa = PBXNativeTarget;
			buildConfigurationList = F5EF3D4428D43A0B00A66655 /* Build configuration list for PBXNativeTarget "ChStreamingPlayer" */;
			buildPhases = (
				2779141241F335BDF267EAD5 /* [CP] Check Pods Manifest.lock */,
				F5EF3D2C28D43A0A00A66655 /* Sources */,
				F5EF3D2D28D43A0A00A66655 /* Frameworks */,
				F5EF3D2E28D43A0A00A66655 /* Resources */,
				F536F67F28DC360C00751D9F /* Embed Frameworks */,
				B46003BA1FB0641C624D2953 /* [CP] Embed Pods Frameworks */,
			);
			buildRules = (
			);
			dependencies = (
				F536F67928DC360C00751D9F /* PBXTargetDependency */,
			);
			name = ChStreamingPlayer;
			productName = ChStreamingPlayer;
			productReference = F5EF3D3028D43A0A00A66655 /* ChStreamingPlayer.app */;
			productType = "com.apple.product-type.application";
		};
/* End PBXNativeTarget section */

/* Begin PBXProject section */
		F5EF3D2828D43A0A00A66655 /* Project object */ = {
			isa = PBXProject;
			attributes = {
				BuildIndependentTargetsInParallel = 1;
				LastSwiftUpdateCheck = 1340;
				LastUpgradeCheck = 1340;
				TargetAttributes = {
					F536F67128DC360C00751D9F = {
						CreatedOnToolsVersion = 14.0;
					};
					F5EF3D2F28D43A0A00A66655 = {
						CreatedOnToolsVersion = 13.4.1;
					};
				};
			};
			buildConfigurationList = F5EF3D2B28D43A0A00A66655 /* Build configuration list for PBXProject "ChStreamingPlayer" */;
			compatibilityVersion = "Xcode 13.0";
			developmentRegion = en;
			hasScannedForEncodings = 0;
			knownRegions = (
				en,
				Base,
			);
			mainGroup = F5EF3D2728D43A0A00A66655;
			productRefGroup = F5EF3D3128D43A0A00A66655 /* Products */;
			projectDirPath = "";
			projectRoot = "";
			targets = (
				F5EF3D2F28D43A0A00A66655 /* ChStreamingPlayer */,
				F536F67128DC360C00751D9F /* StreamingKit */,
			);
		};
/* End PBXProject section */

/* Begin PBXResourcesBuildPhase section */
		F536F67028DC360C00751D9F /* Resources */ = {
			isa = PBXResourcesBuildPhase;
			buildActionMask = 2147483647;
			files = (
			);
			runOnlyForDeploymentPostprocessing = 0;
		};
		F5EF3D2E28D43A0A00A66655 /* Resources */ = {
			isa = PBXResourcesBuildPhase;
			buildActionMask = 2147483647;
			files = (
				F5E221D928DD537200AF7752 /* v5.mp4 in Resources */,
				F5E221D628DD537200AF7752 /* v4.mp4 in Resources */,
				F5E221D528DD537200AF7752 /* v2.mp4 in Resources */,
				F5258EA128E0485A005AAE39 /* v6.mp4 in Resources */,
				F5E221D828DD537200AF7752 /* v1.mp4 in Resources */,
				F5EF3D4028D43A0B00A66655 /* LaunchScreen.storyboard in Resources */,
				F5258EA028E0485A005AAE39 /* v7.mp4 in Resources */,
				F5EF3D3D28D43A0B00A66655 /* Assets.xcassets in Resources */,
				F5E221D728DD537200AF7752 /* v3.mp4 in Resources */,
				F536F66C28DBE4EF00751D9F /* Main.storyboard in Resources */,
				F5258E9F28E0485A005AAE39 /* v8.mp4 in Resources */,
			);
			runOnlyForDeploymentPostprocessing = 0;
		};
/* End PBXResourcesBuildPhase section */

/* Begin PBXShellScriptBuildPhase section */
		2779141241F335BDF267EAD5 /* [CP] Check Pods Manifest.lock */ = {
			isa = PBXShellScriptBuildPhase;
			buildActionMask = 2147483647;
			files = (
			);
			inputFileListPaths = (
			);
			inputPaths = (
				"${PODS_PODFILE_DIR_PATH}/Podfile.lock",
				"${PODS_ROOT}/Manifest.lock",
			);
			name = "[CP] Check Pods Manifest.lock";
			outputFileListPaths = (
			);
			outputPaths = (
				"$(DERIVED_FILE_DIR)/Pods-ChStreamingPlayer-checkManifestLockResult.txt",
			);
			runOnlyForDeploymentPostprocessing = 0;
			shellPath = /bin/sh;
			shellScript = "diff \"${PODS_PODFILE_DIR_PATH}/Podfile.lock\" \"${PODS_ROOT}/Manifest.lock\" > /dev/null\nif [ $? != 0 ] ; then\n    # print error to STDERR\n    echo \"error: The sandbox is not in sync with the Podfile.lock. Run 'pod install' or update your CocoaPods installation.\" >&2\n    exit 1\nfi\n# This output is used by Xcode 'outputs' to avoid re-running this script phase.\necho \"SUCCESS\" > \"${SCRIPT_OUTPUT_FILE_0}\"\n";
			showEnvVarsInLog = 0;
		};
		4F0349CAD29AB9EF5AA0D3F9 /* [CP] Check Pods Manifest.lock */ = {
			isa = PBXShellScriptBuildPhase;
			buildActionMask = 2147483647;
			files = (
			);
			inputFileListPaths = (
			);
			inputPaths = (
				"${PODS_PODFILE_DIR_PATH}/Podfile.lock",
				"${PODS_ROOT}/Manifest.lock",
			);
			name = "[CP] Check Pods Manifest.lock";
			outputFileListPaths = (
			);
			outputPaths = (
				"$(DERIVED_FILE_DIR)/Pods-StreamingKit-checkManifestLockResult.txt",
			);
			runOnlyForDeploymentPostprocessing = 0;
			shellPath = /bin/sh;
			shellScript = "diff \"${PODS_PODFILE_DIR_PATH}/Podfile.lock\" \"${PODS_ROOT}/Manifest.lock\" > /dev/null\nif [ $? != 0 ] ; then\n    # print error to STDERR\n    echo \"error: The sandbox is not in sync with the Podfile.lock. Run 'pod install' or update your CocoaPods installation.\" >&2\n    exit 1\nfi\n# This output is used by Xcode 'outputs' to avoid re-running this script phase.\necho \"SUCCESS\" > \"${SCRIPT_OUTPUT_FILE_0}\"\n";
			showEnvVarsInLog = 0;
		};
		B46003BA1FB0641C624D2953 /* [CP] Embed Pods Frameworks */ = {
			isa = PBXShellScriptBuildPhase;
			buildActionMask = 2147483647;
			files = (
			);
			inputFileListPaths = (
				"${PODS_ROOT}/Target Support Files/Pods-ChStreamingPlayer/Pods-ChStreamingPlayer-frameworks-${CONFIGURATION}-input-files.xcfilelist",
			);
			name = "[CP] Embed Pods Frameworks";
			outputFileListPaths = (
				"${PODS_ROOT}/Target Support Files/Pods-ChStreamingPlayer/Pods-ChStreamingPlayer-frameworks-${CONFIGURATION}-output-files.xcfilelist",
			);
			runOnlyForDeploymentPostprocessing = 0;
			shellPath = /bin/sh;
			shellScript = "\"${PODS_ROOT}/Target Support Files/Pods-ChStreamingPlayer/Pods-ChStreamingPlayer-frameworks.sh\"\n";
			showEnvVarsInLog = 0;
		};
/* End PBXShellScriptBuildPhase section */

/* Begin PBXSourcesBuildPhase section */
		F536F66E28DC360C00751D9F /* Sources */ = {
			isa = PBXSourcesBuildPhase;
			buildActionMask = 2147483647;
			files = (
				F536F67628DC360C00751D9F /* StreamingKit.docc in Sources */,
				F536F68328DC365700751D9F /* StreamingVideoPlayer.swift in Sources */,
			);
			runOnlyForDeploymentPostprocessing = 0;
		};
		F5EF3D2C28D43A0A00A66655 /* Sources */ = {
			isa = PBXSourcesBuildPhase;
			buildActionMask = 2147483647;
			files = (
				F5E221DD28DD89E600AF7752 /* UIViewController+Alert.swift in Sources */,
				F502C66A28E2F33000807A9B /* AVPlayer+Rx.swift in Sources */,
				F502C66C28E2F35C00807A9B /* Observer+IgnoreNill.swift in Sources */,
				F536F68528DC661A00751D9F /* MPPlayerViewController.swift in Sources */,
				F5EF3D3428D43A0A00A66655 /* AppDelegate.swift in Sources */,
				F5C04DC028DEA32A005332D4 /* PlayerView.swift in Sources */,
				F5EF3D3628D43A0A00A66655 /* SceneDelegate.swift in Sources */,
				F536F66628DBE0B900751D9F /* StreamingViewController.swift in Sources */,
			);
			runOnlyForDeploymentPostprocessing = 0;
		};
/* End PBXSourcesBuildPhase section */

/* Begin PBXTargetDependency section */
		F536F67928DC360C00751D9F /* PBXTargetDependency */ = {
			isa = PBXTargetDependency;
			target = F536F67128DC360C00751D9F /* StreamingKit */;
			targetProxy = F536F67828DC360C00751D9F /* PBXContainerItemProxy */;
		};
/* End PBXTargetDependency section */

/* Begin PBXVariantGroup section */
		F5EF3D3E28D43A0B00A66655 /* LaunchScreen.storyboard */ = {
			isa = PBXVariantGroup;
			children = (
				F5EF3D3F28D43A0B00A66655 /* Base */,
			);
			name = LaunchScreen.storyboard;
			sourceTree = "<group>";
		};
/* End PBXVariantGroup section */

/* Begin XCBuildConfiguration section */
		F536F67D28DC360C00751D9F /* Debug */ = {
			isa = XCBuildConfiguration;
			baseConfigurationReference = 069B61C9867352F9C66C7C9E /* Pods-StreamingKit.debug.xcconfig */;
			buildSettings = {
				CLANG_CXX_LANGUAGE_STANDARD = "gnu++20";
				CODE_SIGN_STYLE = Automatic;
				CURRENT_PROJECT_VERSION = 1;
				DEFINES_MODULE = YES;
				DEVELOPMENT_TEAM = 8D25AB624P;
				DYLIB_COMPATIBILITY_VERSION = 1;
				DYLIB_CURRENT_VERSION = 1;
				DYLIB_INSTALL_NAME_BASE = "@rpath";
				GENERATE_INFOPLIST_FILE = YES;
				INFOPLIST_KEY_NSHumanReadableCopyright = "";
				INSTALL_PATH = "$(LOCAL_LIBRARY_DIR)/Frameworks";
				IPHONEOS_DEPLOYMENT_TARGET = 16.0;
				LD_RUNPATH_SEARCH_PATHS = (
					"$(inherited)",
					"@executable_path/Frameworks",
					"@loader_path/Frameworks",
				);
				MARKETING_VERSION = 1.0;
				PRODUCT_BUNDLE_IDENTIFIER = com.chris.StreamingKit;
				PRODUCT_NAME = "$(TARGET_NAME:c99extidentifier)";
				SKIP_INSTALL = YES;
				SWIFT_EMIT_LOC_STRINGS = YES;
				SWIFT_VERSION = 5.0;
				TARGETED_DEVICE_FAMILY = "1,2";
				VERSIONING_SYSTEM = "apple-generic";
				VERSION_INFO_PREFIX = "";
			};
			name = Debug;
		};
		F536F67E28DC360C00751D9F /* Release */ = {
			isa = XCBuildConfiguration;
			baseConfigurationReference = B8174DC2D5D92491159DF615 /* Pods-StreamingKit.release.xcconfig */;
			buildSettings = {
				CLANG_CXX_LANGUAGE_STANDARD = "gnu++20";
				CODE_SIGN_STYLE = Automatic;
				CURRENT_PROJECT_VERSION = 1;
				DEFINES_MODULE = YES;
				DEVELOPMENT_TEAM = 8D25AB624P;
				DYLIB_COMPATIBILITY_VERSION = 1;
				DYLIB_CURRENT_VERSION = 1;
				DYLIB_INSTALL_NAME_BASE = "@rpath";
				GENERATE_INFOPLIST_FILE = YES;
				INFOPLIST_KEY_NSHumanReadableCopyright = "";
				INSTALL_PATH = "$(LOCAL_LIBRARY_DIR)/Frameworks";
				IPHONEOS_DEPLOYMENT_TARGET = 16.0;
				LD_RUNPATH_SEARCH_PATHS = (
					"$(inherited)",
					"@executable_path/Frameworks",
					"@loader_path/Frameworks",
				);
				MARKETING_VERSION = 1.0;
				PRODUCT_BUNDLE_IDENTIFIER = com.chris.StreamingKit;
				PRODUCT_NAME = "$(TARGET_NAME:c99extidentifier)";
				SKIP_INSTALL = YES;
				SWIFT_EMIT_LOC_STRINGS = YES;
				SWIFT_VERSION = 5.0;
				TARGETED_DEVICE_FAMILY = "1,2";
				VERSIONING_SYSTEM = "apple-generic";
				VERSION_INFO_PREFIX = "";
			};
			name = Release;
		};
		F5EF3D4228D43A0B00A66655 /* Debug */ = {
			isa = XCBuildConfiguration;
			buildSettings = {
				ALWAYS_SEARCH_USER_PATHS = NO;
				CLANG_ANALYZER_NONNULL = YES;
				CLANG_ANALYZER_NUMBER_OBJECT_CONVERSION = YES_AGGRESSIVE;
				CLANG_CXX_LANGUAGE_STANDARD = "gnu++17";
				CLANG_ENABLE_MODULES = YES;
				CLANG_ENABLE_OBJC_ARC = YES;
				CLANG_ENABLE_OBJC_WEAK = YES;
				CLANG_WARN_BLOCK_CAPTURE_AUTORELEASING = YES;
				CLANG_WARN_BOOL_CONVERSION = YES;
				CLANG_WARN_COMMA = YES;
				CLANG_WARN_CONSTANT_CONVERSION = YES;
				CLANG_WARN_DEPRECATED_OBJC_IMPLEMENTATIONS = YES;
				CLANG_WARN_DIRECT_OBJC_ISA_USAGE = YES_ERROR;
				CLANG_WARN_DOCUMENTATION_COMMENTS = YES;
				CLANG_WARN_EMPTY_BODY = YES;
				CLANG_WARN_ENUM_CONVERSION = YES;
				CLANG_WARN_INFINITE_RECURSION = YES;
				CLANG_WARN_INT_CONVERSION = YES;
				CLANG_WARN_NON_LITERAL_NULL_CONVERSION = YES;
				CLANG_WARN_OBJC_IMPLICIT_RETAIN_SELF = YES;
				CLANG_WARN_OBJC_LITERAL_CONVERSION = YES;
				CLANG_WARN_OBJC_ROOT_CLASS = YES_ERROR;
				CLANG_WARN_QUOTED_INCLUDE_IN_FRAMEWORK_HEADER = YES;
				CLANG_WARN_RANGE_LOOP_ANALYSIS = YES;
				CLANG_WARN_STRICT_PROTOTYPES = YES;
				CLANG_WARN_SUSPICIOUS_MOVE = YES;
				CLANG_WARN_UNGUARDED_AVAILABILITY = YES_AGGRESSIVE;
				CLANG_WARN_UNREACHABLE_CODE = YES;
				CLANG_WARN__DUPLICATE_METHOD_MATCH = YES;
				COPY_PHASE_STRIP = NO;
				DEBUG_INFORMATION_FORMAT = dwarf;
				ENABLE_STRICT_OBJC_MSGSEND = YES;
				ENABLE_TESTABILITY = YES;
				GCC_C_LANGUAGE_STANDARD = gnu11;
				GCC_DYNAMIC_NO_PIC = NO;
				GCC_NO_COMMON_BLOCKS = YES;
				GCC_OPTIMIZATION_LEVEL = 0;
				GCC_PREPROCESSOR_DEFINITIONS = (
					"DEBUG=1",
					"$(inherited)",
				);
				GCC_WARN_64_TO_32_BIT_CONVERSION = YES;
				GCC_WARN_ABOUT_RETURN_TYPE = YES_ERROR;
				GCC_WARN_UNDECLARED_SELECTOR = YES;
				GCC_WARN_UNINITIALIZED_AUTOS = YES_AGGRESSIVE;
				GCC_WARN_UNUSED_FUNCTION = YES;
				GCC_WARN_UNUSED_VARIABLE = YES;
				IPHONEOS_DEPLOYMENT_TARGET = 15.5;
				MTL_ENABLE_DEBUG_INFO = INCLUDE_SOURCE;
				MTL_FAST_MATH = YES;
				ONLY_ACTIVE_ARCH = YES;
				SDKROOT = iphoneos;
				SWIFT_ACTIVE_COMPILATION_CONDITIONS = DEBUG;
				SWIFT_OPTIMIZATION_LEVEL = "-Onone";
			};
			name = Debug;
		};
		F5EF3D4328D43A0B00A66655 /* Release */ = {
			isa = XCBuildConfiguration;
			buildSettings = {
				ALWAYS_SEARCH_USER_PATHS = NO;
				CLANG_ANALYZER_NONNULL = YES;
				CLANG_ANALYZER_NUMBER_OBJECT_CONVERSION = YES_AGGRESSIVE;
				CLANG_CXX_LANGUAGE_STANDARD = "gnu++17";
				CLANG_ENABLE_MODULES = YES;
				CLANG_ENABLE_OBJC_ARC = YES;
				CLANG_ENABLE_OBJC_WEAK = YES;
				CLANG_WARN_BLOCK_CAPTURE_AUTORELEASING = YES;
				CLANG_WARN_BOOL_CONVERSION = YES;
				CLANG_WARN_COMMA = YES;
				CLANG_WARN_CONSTANT_CONVERSION = YES;
				CLANG_WARN_DEPRECATED_OBJC_IMPLEMENTATIONS = YES;
				CLANG_WARN_DIRECT_OBJC_ISA_USAGE = YES_ERROR;
				CLANG_WARN_DOCUMENTATION_COMMENTS = YES;
				CLANG_WARN_EMPTY_BODY = YES;
				CLANG_WARN_ENUM_CONVERSION = YES;
				CLANG_WARN_INFINITE_RECURSION = YES;
				CLANG_WARN_INT_CONVERSION = YES;
				CLANG_WARN_NON_LITERAL_NULL_CONVERSION = YES;
				CLANG_WARN_OBJC_IMPLICIT_RETAIN_SELF = YES;
				CLANG_WARN_OBJC_LITERAL_CONVERSION = YES;
				CLANG_WARN_OBJC_ROOT_CLASS = YES_ERROR;
				CLANG_WARN_QUOTED_INCLUDE_IN_FRAMEWORK_HEADER = YES;
				CLANG_WARN_RANGE_LOOP_ANALYSIS = YES;
				CLANG_WARN_STRICT_PROTOTYPES = YES;
				CLANG_WARN_SUSPICIOUS_MOVE = YES;
				CLANG_WARN_UNGUARDED_AVAILABILITY = YES_AGGRESSIVE;
				CLANG_WARN_UNREACHABLE_CODE = YES;
				CLANG_WARN__DUPLICATE_METHOD_MATCH = YES;
				COPY_PHASE_STRIP = NO;
				DEBUG_INFORMATION_FORMAT = "dwarf-with-dsym";
				ENABLE_NS_ASSERTIONS = NO;
				ENABLE_STRICT_OBJC_MSGSEND = YES;
				GCC_C_LANGUAGE_STANDARD = gnu11;
				GCC_NO_COMMON_BLOCKS = YES;
				GCC_WARN_64_TO_32_BIT_CONVERSION = YES;
				GCC_WARN_ABOUT_RETURN_TYPE = YES_ERROR;
				GCC_WARN_UNDECLARED_SELECTOR = YES;
				GCC_WARN_UNINITIALIZED_AUTOS = YES_AGGRESSIVE;
				GCC_WARN_UNUSED_FUNCTION = YES;
				GCC_WARN_UNUSED_VARIABLE = YES;
				IPHONEOS_DEPLOYMENT_TARGET = 15.5;
				MTL_ENABLE_DEBUG_INFO = NO;
				MTL_FAST_MATH = YES;
				SDKROOT = iphoneos;
				SWIFT_COMPILATION_MODE = wholemodule;
				SWIFT_OPTIMIZATION_LEVEL = "-O";
				VALIDATE_PRODUCT = YES;
			};
			name = Release;
		};
		F5EF3D4528D43A0B00A66655 /* Debug */ = {
			isa = XCBuildConfiguration;
			baseConfigurationReference = 475AE325645BDCB43AC09243 /* Pods-ChStreamingPlayer.debug.xcconfig */;
			buildSettings = {
				ALWAYS_EMBED_SWIFT_STANDARD_LIBRARIES = YES;
				ASSETCATALOG_COMPILER_APPICON_NAME = AppIcon;
				ASSETCATALOG_COMPILER_GLOBAL_ACCENT_COLOR_NAME = AccentColor;
				CODE_SIGN_STYLE = Automatic;
				CURRENT_PROJECT_VERSION = 1;
				DEVELOPMENT_TEAM = 8D25AB624P;
				GENERATE_INFOPLIST_FILE = YES;
				INFOPLIST_FILE = ChStreamingPlayer/Info.plist;
				INFOPLIST_KEY_UIApplicationSupportsIndirectInputEvents = YES;
				INFOPLIST_KEY_UILaunchStoryboardName = LaunchScreen;
				INFOPLIST_KEY_UIMainStoryboardFile = Main;
				INFOPLIST_KEY_UISupportedInterfaceOrientations_iPad = "UIInterfaceOrientationPortrait UIInterfaceOrientationPortraitUpsideDown UIInterfaceOrientationLandscapeLeft UIInterfaceOrientationLandscapeRight";
				INFOPLIST_KEY_UISupportedInterfaceOrientations_iPhone = "UIInterfaceOrientationPortrait UIInterfaceOrientationLandscapeLeft UIInterfaceOrientationLandscapeRight";
				IPHONEOS_DEPLOYMENT_TARGET = 16.0;
				LD_RUNPATH_SEARCH_PATHS = (
					"$(inherited)",
					"@executable_path/Frameworks",
				);
				MARKETING_VERSION = 1.0;
				PRODUCT_BUNDLE_IDENTIFIER = com.chris.ChStreamingPlayer;
				PRODUCT_NAME = "$(TARGET_NAME)";
				SWIFT_EMIT_LOC_STRINGS = YES;
				SWIFT_VERSION = 5.0;
				TARGETED_DEVICE_FAMILY = "1,2";
			};
			name = Debug;
		};
		F5EF3D4628D43A0B00A66655 /* Release */ = {
			isa = XCBuildConfiguration;
			baseConfigurationReference = 693710C50F0338C0646CAEA2 /* Pods-ChStreamingPlayer.release.xcconfig */;
			buildSettings = {
				ALWAYS_EMBED_SWIFT_STANDARD_LIBRARIES = YES;
				ASSETCATALOG_COMPILER_APPICON_NAME = AppIcon;
				ASSETCATALOG_COMPILER_GLOBAL_ACCENT_COLOR_NAME = AccentColor;
				CODE_SIGN_STYLE = Automatic;
				CURRENT_PROJECT_VERSION = 1;
				DEVELOPMENT_TEAM = 8D25AB624P;
				GENERATE_INFOPLIST_FILE = YES;
				INFOPLIST_FILE = ChStreamingPlayer/Info.plist;
				INFOPLIST_KEY_UIApplicationSupportsIndirectInputEvents = YES;
				INFOPLIST_KEY_UILaunchStoryboardName = LaunchScreen;
				INFOPLIST_KEY_UIMainStoryboardFile = Main;
				INFOPLIST_KEY_UISupportedInterfaceOrientations_iPad = "UIInterfaceOrientationPortrait UIInterfaceOrientationPortraitUpsideDown UIInterfaceOrientationLandscapeLeft UIInterfaceOrientationLandscapeRight";
				INFOPLIST_KEY_UISupportedInterfaceOrientations_iPhone = "UIInterfaceOrientationPortrait UIInterfaceOrientationLandscapeLeft UIInterfaceOrientationLandscapeRight";
				IPHONEOS_DEPLOYMENT_TARGET = 16.0;
				LD_RUNPATH_SEARCH_PATHS = (
					"$(inherited)",
					"@executable_path/Frameworks",
				);
				MARKETING_VERSION = 1.0;
				PRODUCT_BUNDLE_IDENTIFIER = com.chris.ChStreamingPlayer;
				PRODUCT_NAME = "$(TARGET_NAME)";
				SWIFT_EMIT_LOC_STRINGS = YES;
				SWIFT_VERSION = 5.0;
				TARGETED_DEVICE_FAMILY = "1,2";
			};
			name = Release;
		};
/* End XCBuildConfiguration section */

/* Begin XCConfigurationList section */
		F536F67C28DC360C00751D9F /* Build configuration list for PBXNativeTarget "StreamingKit" */ = {
			isa = XCConfigurationList;
			buildConfigurations = (
				F536F67D28DC360C00751D9F /* Debug */,
				F536F67E28DC360C00751D9F /* Release */,
			);
			defaultConfigurationIsVisible = 0;
			defaultConfigurationName = Release;
		};
		F5EF3D2B28D43A0A00A66655 /* Build configuration list for PBXProject "ChStreamingPlayer" */ = {
			isa = XCConfigurationList;
			buildConfigurations = (
				F5EF3D4228D43A0B00A66655 /* Debug */,
				F5EF3D4328D43A0B00A66655 /* Release */,
			);
			defaultConfigurationIsVisible = 0;
			defaultConfigurationName = Release;
		};
		F5EF3D4428D43A0B00A66655 /* Build configuration list for PBXNativeTarget "ChStreamingPlayer" */ = {
			isa = XCConfigurationList;
			buildConfigurations = (
				F5EF3D4528D43A0B00A66655 /* Debug */,
				F5EF3D4628D43A0B00A66655 /* Release */,
			);
			defaultConfigurationIsVisible = 0;
			defaultConfigurationName = Release;
		};
/* End XCConfigurationList section */
	};
	rootObject = F5EF3D2828D43A0A00A66655 /* Project object */;
}
